// !$*UTF8*$!
{
	archiveVersion = 1;
	classes = {
	};
	objectVersion = 46;
	objects = {

/* Begin PBXBuildFile section */
		127A982E2069607E00E45538 /* AppDelegate.swift in Sources */ = {isa = PBXBuildFile; fileRef = 127A982D2069607E00E45538 /* AppDelegate.swift */; };
		127A98302069607E00E45538 /* ViewController.swift in Sources */ = {isa = PBXBuildFile; fileRef = 127A982F2069607E00E45538 /* ViewController.swift */; };
		127A98332069607E00E45538 /* Main.storyboard in Resources */ = {isa = PBXBuildFile; fileRef = 127A98312069607E00E45538 /* Main.storyboard */; };
		127A98352069607E00E45538 /* Assets.xcassets in Resources */ = {isa = PBXBuildFile; fileRef = 127A98342069607E00E45538 /* Assets.xcassets */; };
		127A98382069607E00E45538 /* LaunchScreen.storyboard in Resources */ = {isa = PBXBuildFile; fileRef = 127A98362069607E00E45538 /* LaunchScreen.storyboard */; };
		127A98432069607E00E45538 /* Corrected_CargameTests.swift in Sources */ = {isa = PBXBuildFile; fileRef = 127A98422069607E00E45538 /* Corrected_CargameTests.swift */; };
		127A984E2069607E00E45538 /* Corrected_CargameUITests.swift in Sources */ = {isa = PBXBuildFile; fileRef = 127A984D2069607E00E45538 /* Corrected_CargameUITests.swift */; };
		127A985C2069615700E45538 /* car0.png in Resources */ = {isa = PBXBuildFile; fileRef = 127A985B2069615700E45538 /* car0.png */; };
		127A985E2069629300E45538 /* carmovings.swift in Sources */ = {isa = PBXBuildFile; fileRef = 127A985D2069629300E45538 /* carmovings.swift */; };
		127A9873206963D500E45538 /* road1.png in Resources */ = {isa = PBXBuildFile; fileRef = 127A985F206963D500E45538 /* road1.png */; };
		127A9874206963D500E45538 /* road2.png in Resources */ = {isa = PBXBuildFile; fileRef = 127A9860206963D500E45538 /* road2.png */; };
		127A9875206963D500E45538 /* road3.png in Resources */ = {isa = PBXBuildFile; fileRef = 127A9861206963D500E45538 /* road3.png */; };
		127A9876206963D500E45538 /* road4.png in Resources */ = {isa = PBXBuildFile; fileRef = 127A9862206963D500E45538 /* road4.png */; };
		127A9877206963D500E45538 /* road5.png in Resources */ = {isa = PBXBuildFile; fileRef = 127A9863206963D500E45538 /* road5.png */; };
		127A9878206963D500E45538 /* road6.png in Resources */ = {isa = PBXBuildFile; fileRef = 127A9864206963D500E45538 /* road6.png */; };
		127A9879206963D500E45538 /* road7.png in Resources */ = {isa = PBXBuildFile; fileRef = 127A9865206963D500E45538 /* road7.png */; };
		127A987A206963D500E45538 /* road8.png in Resources */ = {isa = PBXBuildFile; fileRef = 127A9866206963D500E45538 /* road8.png */; };
		127A987B206963D500E45538 /* road9.png in Resources */ = {isa = PBXBuildFile; fileRef = 127A9867206963D500E45538 /* road9.png */; };
		127A987C206963D500E45538 /* road10.png in Resources */ = {isa = PBXBuildFile; fileRef = 127A9868206963D500E45538 /* road10.png */; };
		127A987D206963D500E45538 /* road11.png in Resources */ = {isa = PBXBuildFile; fileRef = 127A9869206963D500E45538 /* road11.png */; };
		127A987E206963D500E45538 /* road12.png in Resources */ = {isa = PBXBuildFile; fileRef = 127A986A206963D500E45538 /* road12.png */; };
		127A987F206963D500E45538 /* road13.png in Resources */ = {isa = PBXBuildFile; fileRef = 127A986B206963D500E45538 /* road13.png */; };
		127A9880206963D500E45538 /* road14.png in Resources */ = {isa = PBXBuildFile; fileRef = 127A986C206963D500E45538 /* road14.png */; };
		127A9881206963D500E45538 /* road15.png in Resources */ = {isa = PBXBuildFile; fileRef = 127A986D206963D500E45538 /* road15.png */; };
		127A9882206963D500E45538 /* road16.png in Resources */ = {isa = PBXBuildFile; fileRef = 127A986E206963D500E45538 /* road16.png */; };
		127A9883206963D500E45538 /* road17.png in Resources */ = {isa = PBXBuildFile; fileRef = 127A986F206963D500E45538 /* road17.png */; };
		127A9884206963D500E45538 /* road18.png in Resources */ = {isa = PBXBuildFile; fileRef = 127A9870206963D500E45538 /* road18.png */; };
		127A9885206963D500E45538 /* road19.png in Resources */ = {isa = PBXBuildFile; fileRef = 127A9871206963D500E45538 /* road19.png */; };
		127A9886206963D500E45538 /* road20.png in Resources */ = {isa = PBXBuildFile; fileRef = 127A9872206963D500E45538 /* road20.png */; };
/* End PBXBuildFile section */

/* Begin PBXContainerItemProxy section */
		127A983F2069607E00E45538 /* PBXContainerItemProxy */ = {
			isa = PBXContainerItemProxy;
			containerPortal = 127A98222069607E00E45538 /* Project object */;
			proxyType = 1;
			remoteGlobalIDString = 127A98292069607E00E45538;
			remoteInfo = Corrected_Cargame;
		};
		127A984A2069607E00E45538 /* PBXContainerItemProxy */ = {
			isa = PBXContainerItemProxy;
			containerPortal = 127A98222069607E00E45538 /* Project object */;
			proxyType = 1;
			remoteGlobalIDString = 127A98292069607E00E45538;
			remoteInfo = Corrected_Cargame;
		};
/* End PBXContainerItemProxy section */

/* Begin PBXFileReference section */
		127A982A2069607E00E45538 /* Corrected_Cargame.app */ = {isa = PBXFileReference; explicitFileType = wrapper.application; includeInIndex = 0; path = Corrected_Cargame.app; sourceTree = BUILT_PRODUCTS_DIR; };
		127A982D2069607E00E45538 /* AppDelegate.swift */ = {isa = PBXFileReference; lastKnownFileType = sourcecode.swift; path = AppDelegate.swift; sourceTree = "<group>"; };
		127A982F2069607E00E45538 /* ViewController.swift */ = {isa = PBXFileReference; lastKnownFileType = sourcecode.swift; path = ViewController.swift; sourceTree = "<group>"; };
		127A98322069607E00E45538 /* Base */ = {isa = PBXFileReference; lastKnownFileType = file.storyboard; name = Base; path = Base.lproj/Main.storyboard; sourceTree = "<group>"; };
		127A98342069607E00E45538 /* Assets.xcassets */ = {isa = PBXFileReference; lastKnownFileType = folder.assetcatalog; path = Assets.xcassets; sourceTree = "<group>"; };
		127A98372069607E00E45538 /* Base */ = {isa = PBXFileReference; lastKnownFileType = file.storyboard; name = Base; path = Base.lproj/LaunchScreen.storyboard; sourceTree = "<group>"; };
		127A98392069607E00E45538 /* Info.plist */ = {isa = PBXFileReference; lastKnownFileType = text.plist.xml; path = Info.plist; sourceTree = "<group>"; };
		127A983E2069607E00E45538 /* Corrected_CargameTests.xctest */ = {isa = PBXFileReference; explicitFileType = wrapper.cfbundle; includeInIndex = 0; path = Corrected_CargameTests.xctest; sourceTree = BUILT_PRODUCTS_DIR; };
		127A98422069607E00E45538 /* Corrected_CargameTests.swift */ = {isa = PBXFileReference; lastKnownFileType = sourcecode.swift; path = Corrected_CargameTests.swift; sourceTree = "<group>"; };
		127A98442069607E00E45538 /* Info.plist */ = {isa = PBXFileReference; lastKnownFileType = text.plist.xml; path = Info.plist; sourceTree = "<group>"; };
		127A98492069607E00E45538 /* Corrected_CargameUITests.xctest */ = {isa = PBXFileReference; explicitFileType = wrapper.cfbundle; includeInIndex = 0; path = Corrected_CargameUITests.xctest; sourceTree = BUILT_PRODUCTS_DIR; };
		127A984D2069607E00E45538 /* Corrected_CargameUITests.swift */ = {isa = PBXFileReference; lastKnownFileType = sourcecode.swift; path = Corrected_CargameUITests.swift; sourceTree = "<group>"; };
		127A984F2069607E00E45538 /* Info.plist */ = {isa = PBXFileReference; lastKnownFileType = text.plist.xml; path = Info.plist; sourceTree = "<group>"; };
		127A985B2069615700E45538 /* car0.png */ = {isa = PBXFileReference; lastKnownFileType = image.png; name = car0.png; path = "../../Newcar coursework/images/car0.png"; sourceTree = "<group>"; };
		127A985D2069629300E45538 /* carmovings.swift */ = {isa = PBXFileReference; fileEncoding = 4; lastKnownFileType = sourcecode.swift; path = carmovings.swift; sourceTree = "<group>"; };
		127A985F206963D500E45538 /* road1.png */ = {isa = PBXFileReference; lastKnownFileType = image.png; path = road1.png; sourceTree = "<group>"; };
		127A9860206963D500E45538 /* road2.png */ = {isa = PBXFileReference; lastKnownFileType = image.png; path = road2.png; sourceTree = "<group>"; };
		127A9861206963D500E45538 /* road3.png */ = {isa = PBXFileReference; lastKnownFileType = image.png; path = road3.png; sourceTree = "<group>"; };
		127A9862206963D500E45538 /* road4.png */ = {isa = PBXFileReference; lastKnownFileType = image.png; path = road4.png; sourceTree = "<group>"; };
		127A9863206963D500E45538 /* road5.png */ = {isa = PBXFileReference; lastKnownFileType = image.png; path = road5.png; sourceTree = "<group>"; };
		127A9864206963D500E45538 /* road6.png */ = {isa = PBXFileReference; lastKnownFileType = image.png; path = road6.png; sourceTree = "<group>"; };
		127A9865206963D500E45538 /* road7.png */ = {isa = PBXFileReference; lastKnownFileType = image.png; path = road7.png; sourceTree = "<group>"; };
		127A9866206963D500E45538 /* road8.png */ = {isa = PBXFileReference; lastKnownFileType = image.png; path = road8.png; sourceTree = "<group>"; };
		127A9867206963D500E45538 /* road9.png */ = {isa = PBXFileReference; lastKnownFileType = image.png; path = road9.png; sourceTree = "<group>"; };
		127A9868206963D500E45538 /* road10.png */ = {isa = PBXFileReference; lastKnownFileType = image.png; path = road10.png; sourceTree = "<group>"; };
		127A9869206963D500E45538 /* road11.png */ = {isa = PBXFileReference; lastKnownFileType = image.png; path = road11.png; sourceTree = "<group>"; };
		127A986A206963D500E45538 /* road12.png */ = {isa = PBXFileReference; lastKnownFileType = image.png; path = road12.png; sourceTree = "<group>"; };
		127A986B206963D500E45538 /* road13.png */ = {isa = PBXFileReference; lastKnownFileType = image.png; path = road13.png; sourceTree = "<group>"; };
		127A986C206963D500E45538 /* road14.png */ = {isa = PBXFileReference; lastKnownFileType = image.png; path = road14.png; sourceTree = "<group>"; };
		127A986D206963D500E45538 /* road15.png */ = {isa = PBXFileReference; lastKnownFileType = image.png; path = road15.png; sourceTree = "<group>"; };
		127A986E206963D500E45538 /* road16.png */ = {isa = PBXFileReference; lastKnownFileType = image.png; path = road16.png; sourceTree = "<group>"; };
		127A986F206963D500E45538 /* road17.png */ = {isa = PBXFileReference; lastKnownFileType = image.png; path = road17.png; sourceTree = "<group>"; };
		127A9870206963D500E45538 /* road18.png */ = {isa = PBXFileReference; lastKnownFileType = image.png; path = road18.png; sourceTree = "<group>"; };
		127A9871206963D500E45538 /* road19.png */ = {isa = PBXFileReference; lastKnownFileType = image.png; path = road19.png; sourceTree = "<group>"; };
		127A9872206963D500E45538 /* road20.png */ = {isa = PBXFileReference; lastKnownFileType = image.png; path = road20.png; sourceTree = "<group>"; };
/* End PBXFileReference section */

/* Begin PBXFrameworksBuildPhase section */
		127A98272069607E00E45538 /* Frameworks */ = {
			isa = PBXFrameworksBuildPhase;
			buildActionMask = 2147483647;
			files = (
			);
			runOnlyForDeploymentPostprocessing = 0;
		};
		127A983B2069607E00E45538 /* Frameworks */ = {
			isa = PBXFrameworksBuildPhase;
			buildActionMask = 2147483647;
			files = (
			);
			runOnlyForDeploymentPostprocessing = 0;
		};
		127A98462069607E00E45538 /* Frameworks */ = {
			isa = PBXFrameworksBuildPhase;
			buildActionMask = 2147483647;
			files = (
			);
			runOnlyForDeploymentPostprocessing = 0;
		};
/* End PBXFrameworksBuildPhase section */

/* Begin PBXGroup section */
		127A98212069607E00E45538 = {
			isa = PBXGroup;
			children = (
				127A982C2069607E00E45538 /* Corrected_Cargame */,
				127A98412069607E00E45538 /* Corrected_CargameTests */,
				127A984C2069607E00E45538 /* Corrected_CargameUITests */,
				127A982B2069607E00E45538 /* Products */,
			);
			sourceTree = "<group>";
		};
		127A982B2069607E00E45538 /* Products */ = {
			isa = PBXGroup;
			children = (
				127A982A2069607E00E45538 /* Corrected_Cargame.app */,
				127A983E2069607E00E45538 /* Corrected_CargameTests.xctest */,
				127A98492069607E00E45538 /* Corrected_CargameUITests.xctest */,
			);
			name = Products;
			sourceTree = "<group>";
		};
		127A982C2069607E00E45538 /* Corrected_Cargame */ = {
			isa = PBXGroup;
			children = (
				127A982F2069607E00E45538 /* ViewController.swift */,
				127A985F206963D500E45538 /* road1.png */,
				127A985B2069615700E45538 /* car0.png */,
				127A98312069607E00E45538 /* Main.storyboard */,
				127A9860206963D500E45538 /* road2.png */,
				127A9861206963D500E45538 /* road3.png */,
				127A9862206963D500E45538 /* road4.png */,
				127A9863206963D500E45538 /* road5.png */,
				127A9864206963D500E45538 /* road6.png */,
				127A9865206963D500E45538 /* road7.png */,
				127A9866206963D500E45538 /* road8.png */,
				127A9867206963D500E45538 /* road9.png */,
				127A9868206963D500E45538 /* road10.png */,
				127A9869206963D500E45538 /* road11.png */,
				127A986A206963D500E45538 /* road12.png */,
				127A982D2069607E00E45538 /* AppDelegate.swift */,
				127A986B206963D500E45538 /* road13.png */,
				127A986C206963D500E45538 /* road14.png */,
				127A986D206963D500E45538 /* road15.png */,
				127A986E206963D500E45538 /* road16.png */,
				127A986F206963D500E45538 /* road17.png */,
				127A9870206963D500E45538 /* road18.png */,
				127A9871206963D500E45538 /* road19.png */,
				127A9872206963D500E45538 /* road20.png */,
				127A985D2069629300E45538 /* carmovings.swift */,
				127A98342069607E00E45538 /* Assets.xcassets */,
				127A98362069607E00E45538 /* LaunchScreen.storyboard */,
				127A98392069607E00E45538 /* Info.plist */,
			);
			path = Corrected_Cargame;
			sourceTree = "<group>";
		};
		127A98412069607E00E45538 /* Corrected_CargameTests */ = {
			isa = PBXGroup;
			children = (
				127A98422069607E00E45538 /* Corrected_CargameTests.swift */,
				127A98442069607E00E45538 /* Info.plist */,
			);
			path = Corrected_CargameTests;
			sourceTree = "<group>";
		};
		127A984C2069607E00E45538 /* Corrected_CargameUITests */ = {
			isa = PBXGroup;
			children = (
				127A984D2069607E00E45538 /* Corrected_CargameUITests.swift */,
				127A984F2069607E00E45538 /* Info.plist */,
			);
			path = Corrected_CargameUITests;
			sourceTree = "<group>";
		};
/* End PBXGroup section */

/* Begin PBXNativeTarget section */
		127A98292069607E00E45538 /* Corrected_Cargame */ = {
			isa = PBXNativeTarget;
			buildConfigurationList = 127A98522069607E00E45538 /* Build configuration list for PBXNativeTarget "Corrected_Cargame" */;
			buildPhases = (
				127A98262069607E00E45538 /* Sources */,
				127A98272069607E00E45538 /* Frameworks */,
				127A98282069607E00E45538 /* Resources */,
			);
			buildRules = (
			);
			dependencies = (
			);
			name = Corrected_Cargame;
			productName = Corrected_Cargame;
			productReference = 127A982A2069607E00E45538 /* Corrected_Cargame.app */;
			productType = "com.apple.product-type.application";
		};
		127A983D2069607E00E45538 /* Corrected_CargameTests */ = {
			isa = PBXNativeTarget;
			buildConfigurationList = 127A98552069607E00E45538 /* Build configuration list for PBXNativeTarget "Corrected_CargameTests" */;
			buildPhases = (
				127A983A2069607E00E45538 /* Sources */,
				127A983B2069607E00E45538 /* Frameworks */,
				127A983C2069607E00E45538 /* Resources */,
			);
			buildRules = (
			);
			dependencies = (
				127A98402069607E00E45538 /* PBXTargetDependency */,
			);
			name = Corrected_CargameTests;
			productName = Corrected_CargameTests;
			productReference = 127A983E2069607E00E45538 /* Corrected_CargameTests.xctest */;
			productType = "com.apple.product-type.bundle.unit-test";
		};
		127A98482069607E00E45538 /* Corrected_CargameUITests */ = {
			isa = PBXNativeTarget;
			buildConfigurationList = 127A98582069607E00E45538 /* Build configuration list for PBXNativeTarget "Corrected_CargameUITests" */;
			buildPhases = (
				127A98452069607E00E45538 /* Sources */,
				127A98462069607E00E45538 /* Frameworks */,
				127A98472069607E00E45538 /* Resources */,
			);
			buildRules = (
			);
			dependencies = (
				127A984B2069607E00E45538 /* PBXTargetDependency */,
			);
			name = Corrected_CargameUITests;
			productName = Corrected_CargameUITests;
			productReference = 127A98492069607E00E45538 /* Corrected_CargameUITests.xctest */;
			productType = "com.apple.product-type.bundle.ui-testing";
		};
/* End PBXNativeTarget section */

/* Begin PBXProject section */
		127A98222069607E00E45538 /* Project object */ = {
			isa = PBXProject;
			attributes = {
				LastSwiftUpdateCheck = 0830;
				LastUpgradeCheck = 0830;
				ORGANIZATIONNAME = sn15abl;
				TargetAttributes = {
					127A98292069607E00E45538 = {
						CreatedOnToolsVersion = 8.3.3;
						ProvisioningStyle = Automatic;
					};
					127A983D2069607E00E45538 = {
						CreatedOnToolsVersion = 8.3.3;
						ProvisioningStyle = Automatic;
						TestTargetID = 127A98292069607E00E45538;
					};
					127A98482069607E00E45538 = {
						CreatedOnToolsVersion = 8.3.3;
						ProvisioningStyle = Automatic;
						TestTargetID = 127A98292069607E00E45538;
					};
				};
			};
			buildConfigurationList = 127A98252069607E00E45538 /* Build configuration list for PBXProject "Corrected_Cargame" */;
			compatibilityVersion = "Xcode 3.2";
			developmentRegion = English;
			hasScannedForEncodings = 0;
			knownRegions = (
				en,
				Base,
			);
			mainGroup = 127A98212069607E00E45538;
			productRefGroup = 127A982B2069607E00E45538 /* Products */;
			projectDirPath = "";
			projectRoot = "";
			targets = (
				127A98292069607E00E45538 /* Corrected_Cargame */,
				127A983D2069607E00E45538 /* Corrected_CargameTests */,
				127A98482069607E00E45538 /* Corrected_CargameUITests */,
			);
		};
/* End PBXProject section */

/* Begin PBXResourcesBuildPhase section */
		127A98282069607E00E45538 /* Resources */ = {
			isa = PBXResourcesBuildPhase;
			buildActionMask = 2147483647;
			files = (
				127A9881206963D500E45538 /* road15.png in Resources */,
				127A9874206963D500E45538 /* road2.png in Resources */,
				127A98382069607E00E45538 /* LaunchScreen.storyboard in Resources */,
				127A9875206963D500E45538 /* road3.png in Resources */,
				127A987B206963D500E45538 /* road9.png in Resources */,
				127A9886206963D500E45538 /* road20.png in Resources */,
				127A9885206963D500E45538 /* road19.png in Resources */,
				127A9877206963D500E45538 /* road5.png in Resources */,
				127A9882206963D500E45538 /* road16.png in Resources */,
				127A9878206963D500E45538 /* road6.png in Resources */,
				127A987E206963D500E45538 /* road12.png in Resources */,
				127A987D206963D500E45538 /* road11.png in Resources */,
				127A985C2069615700E45538 /* car0.png in Resources */,
				127A987F206963D500E45538 /* road13.png in Resources */,
				127A987A206963D500E45538 /* road8.png in Resources */,
				127A987C206963D500E45538 /* road10.png in Resources */,
				127A9880206963D500E45538 /* road14.png in Resources */,
				127A9883206963D500E45538 /* road17.png in Resources */,
				127A98352069607E00E45538 /* Assets.xcassets in Resources */,
				127A9879206963D500E45538 /* road7.png in Resources */,
				127A9884206963D500E45538 /* road18.png in Resources */,
				127A98332069607E00E45538 /* Main.storyboard in Resources */,
				127A9876206963D500E45538 /* road4.png in Resources */,
				127A9873206963D500E45538 /* road1.png in Resources */,
			);
			runOnlyForDeploymentPostprocessing = 0;
		};
		127A983C2069607E00E45538 /* Resources */ = {
			isa = PBXResourcesBuildPhase;
			buildActionMask = 2147483647;
			files = (
			);
			runOnlyForDeploymentPostprocessing = 0;
		};
		127A98472069607E00E45538 /* Resources */ = {
			isa = PBXResourcesBuildPhase;
			buildActionMask = 2147483647;
			files = (
			);
			runOnlyForDeploymentPostprocessing = 0;
		};
/* End PBXResourcesBuildPhase section */

/* Begin PBXSourcesBuildPhase section */
		127A98262069607E00E45538 /* Sources */ = {
			isa = PBXSourcesBuildPhase;
			buildActionMask = 2147483647;
			files = (
				127A98302069607E00E45538 /* ViewController.swift in Sources */,
				127A985E2069629300E45538 /* carmovings.swift in Sources */,
				127A982E2069607E00E45538 /* AppDelegate.swift in Sources */,
			);
			runOnlyForDeploymentPostprocessing = 0;
		};
		127A983A2069607E00E45538 /* Sources */ = {
			isa = PBXSourcesBuildPhase;
			buildActionMask = 2147483647;
			files = (
				127A98432069607E00E45538 /* Corrected_CargameTests.swift in Sources */,
			);
			runOnlyForDeploymentPostprocessing = 0;
		};
		127A98452069607E00E45538 /* Sources */ = {
			isa = PBXSourcesBuildPhase;
			buildActionMask = 2147483647;
			files = (
				127A984E2069607E00E45538 /* Corrected_CargameUITests.swift in Sources */,
			);
			runOnlyForDeploymentPostprocessing = 0;
		};
/* End PBXSourcesBuildPhase section */

/* Begin PBXTargetDependency section */
		127A98402069607E00E45538 /* PBXTargetDependency */ = {
			isa = PBXTargetDependency;
			target = 127A98292069607E00E45538 /* Corrected_Cargame */;
			targetProxy = 127A983F2069607E00E45538 /* PBXContainerItemProxy */;
		};
		127A984B2069607E00E45538 /* PBXTargetDependency */ = {
			isa = PBXTargetDependency;
			target = 127A98292069607E00E45538 /* Corrected_Cargame */;
			targetProxy = 127A984A2069607E00E45538 /* PBXContainerItemProxy */;
		};
/* End PBXTargetDependency section */

/* Begin PBXVariantGroup section */
		127A98312069607E00E45538 /* Main.storyboard */ = {
			isa = PBXVariantGroup;
			children = (
				127A98322069607E00E45538 /* Base */,
			);
			name = Main.storyboard;
			sourceTree = "<group>";
		};
		127A98362069607E00E45538 /* LaunchScreen.storyboard */ = {
			isa = PBXVariantGroup;
			children = (
				127A98372069607E00E45538 /* Base */,
			);
			name = LaunchScreen.storyboard;
			sourceTree = "<group>";
		};
/* End PBXVariantGroup section */

/* Begin XCBuildConfiguration section */
		127A98502069607E00E45538 /* Debug */ = {
			isa = XCBuildConfiguration;
			buildSettings = {
				ALWAYS_SEARCH_USER_PATHS = NO;
				CLANG_ANALYZER_NONNULL = YES;
				CLANG_ANALYZER_NUMBER_OBJECT_CONVERSION = YES_AGGRESSIVE;
				CLANG_CXX_LANGUAGE_STANDARD = "gnu++0x";
				CLANG_CXX_LIBRARY = "libc++";
				CLANG_ENABLE_MODULES = YES;
				CLANG_ENABLE_OBJC_ARC = YES;
				CLANG_WARN_BOOL_CONVERSION = YES;
				CLANG_WARN_CONSTANT_CONVERSION = YES;
				CLANG_WARN_DIRECT_OBJC_ISA_USAGE = YES_ERROR;
				CLANG_WARN_DOCUMENTATION_COMMENTS = YES;
				CLANG_WARN_EMPTY_BODY = YES;
				CLANG_WARN_ENUM_CONVERSION = YES;
				CLANG_WARN_INFINITE_RECURSION = YES;
				CLANG_WARN_INT_CONVERSION = YES;
				CLANG_WARN_OBJC_ROOT_CLASS = YES_ERROR;
				CLANG_WARN_SUSPICIOUS_MOVE = YES;
				CLANG_WARN_UNREACHABLE_CODE = YES;
				CLANG_WARN__DUPLICATE_METHOD_MATCH = YES;
				"CODE_SIGN_IDENTITY[sdk=iphoneos*]" = "iPhone Developer";
				COPY_PHASE_STRIP = NO;
				DEBUG_INFORMATION_FORMAT = dwarf;
				ENABLE_STRICT_OBJC_MSGSEND = YES;
				ENABLE_TESTABILITY = YES;
				GCC_C_LANGUAGE_STANDARD = gnu99;
				GCC_DYNAMIC_NO_PIC = NO;
				GCC_NO_COMMON_BLOCKS = YES;
				GCC_OPTIMIZATION_LEVEL = 0;
				GCC_PREPROCESSOR_DEFINITIONS = (
					"DEBUG=1",
					"$(inherited)",
				);
				GCC_WARN_64_TO_32_BIT_CONVERSION = YES;
				GCC_WARN_ABOUT_RETURN_TYPE = YES_ERROR;
				GCC_WARN_UNDECLARED_SELECTOR = YES;
				GCC_WARN_UNINITIALIZED_AUTOS = YES_AGGRESSIVE;
				GCC_WARN_UNUSED_FUNCTION = YES;
				GCC_WARN_UNUSED_VARIABLE = YES;
				IPHONEOS_DEPLOYMENT_TARGET = 10.3;
				MTL_ENABLE_DEBUG_INFO = YES;
				ONLY_ACTIVE_ARCH = YES;
				SDKROOT = iphoneos;
				SWIFT_ACTIVE_COMPILATION_CONDITIONS = DEBUG;
				SWIFT_OPTIMIZATION_LEVEL = "-Onone";
			};
			name = Debug;
		};
		127A98512069607E00E45538 /* Release */ = {
			isa = XCBuildConfiguration;
			buildSettings = {
				ALWAYS_SEARCH_USER_PATHS = NO;
				CLANG_ANALYZER_NONNULL = YES;
				CLANG_ANALYZER_NUMBER_OBJECT_CONVERSION = YES_AGGRESSIVE;
				CLANG_CXX_LANGUAGE_STANDARD = "gnu++0x";
				CLANG_CXX_LIBRARY = "libc++";
				CLANG_ENABLE_MODULES = YES;
				CLANG_ENABLE_OBJC_ARC = YES;
				CLANG_WARN_BOOL_CONVERSION = YES;
				CLANG_WARN_CONSTANT_CONVERSION = YES;
				CLANG_WARN_DIRECT_OBJC_ISA_USAGE = YES_ERROR;
				CLANG_WARN_DOCUMENTATION_COMMENTS = YES;
				CLANG_WARN_EMPTY_BODY = YES;
				CLANG_WARN_ENUM_CONVERSION = YES;
				CLANG_WARN_INFINITE_RECURSION = YES;
				CLANG_WARN_INT_CONVERSION = YES;
				CLANG_WARN_OBJC_ROOT_CLASS = YES_ERROR;
				CLANG_WARN_SUSPICIOUS_MOVE = YES;
				CLANG_WARN_UNREACHABLE_CODE = YES;
				CLANG_WARN__DUPLICATE_METHOD_MATCH = YES;
				"CODE_SIGN_IDENTITY[sdk=iphoneos*]" = "iPhone Developer";
				COPY_PHASE_STRIP = NO;
				DEBUG_INFORMATION_FORMAT = "dwarf-with-dsym";
				ENABLE_NS_ASSERTIONS = NO;
				ENABLE_STRICT_OBJC_MSGSEND = YES;
				GCC_C_LANGUAGE_STANDARD = gnu99;
				GCC_NO_COMMON_BLOCKS = YES;
				GCC_WARN_64_TO_32_BIT_CONVERSION = YES;
				GCC_WARN_ABOUT_RETURN_TYPE = YES_ERROR;
				GCC_WARN_UNDECLARED_SELECTOR = YES;
				GCC_WARN_UNINITIALIZED_AUTOS = YES_AGGRESSIVE;
				GCC_WARN_UNUSED_FUNCTION = YES;
				GCC_WARN_UNUSED_VARIABLE = YES;
				IPHONEOS_DEPLOYMENT_TARGET = 10.3;
				MTL_ENABLE_DEBUG_INFO = NO;
				SDKROOT = iphoneos;
				SWIFT_OPTIMIZATION_LEVEL = "-Owholemodule";
				VALIDATE_PRODUCT = YES;
			};
			name = Release;
		};
		127A98532069607E00E45538 /* Debug */ = {
			isa = XCBuildConfiguration;
			buildSettings = {
				ASSETCATALOG_COMPILER_APPICON_NAME = AppIcon;
				INFOPLIST_FILE = Corrected_Cargame/Info.plist;
				LD_RUNPATH_SEARCH_PATHS = "$(inherited) @executable_path/Frameworks";
				PRODUCT_BUNDLE_IDENTIFIER = "sn15abl.Corrected-Cargame";
				PRODUCT_NAME = "$(TARGET_NAME)";
				SWIFT_VERSION = 3.0;
			};
			name = Debug;
		};
		127A98542069607E00E45538 /* Release */ = {
			isa = XCBuildConfiguration;
			buildSettings = {
				ASSETCATALOG_COMPILER_APPICON_NAME = AppIcon;
				INFOPLIST_FILE = Corrected_Cargame/Info.plist;
				LD_RUNPATH_SEARCH_PATHS = "$(inherited) @executable_path/Frameworks";
				PRODUCT_BUNDLE_IDENTIFIER = "sn15abl.Corrected-Cargame";
				PRODUCT_NAME = "$(TARGET_NAME)";
				SWIFT_VERSION = 3.0;
			};
			name = Release;
		};
		127A98562069607E00E45538 /* Debug */ = {
			isa = XCBuildConfiguration;
			buildSettings = {
				ALWAYS_EMBED_SWIFT_STANDARD_LIBRARIES = YES;
				BUNDLE_LOADER = "$(TEST_HOST)";
				INFOPLIST_FILE = Corrected_CargameTests/Info.plist;
				LD_RUNPATH_SEARCH_PATHS = "$(inherited) @executable_path/Frameworks @loader_path/Frameworks";
				PRODUCT_BUNDLE_IDENTIFIER = "sn15abl.Corrected-CargameTests";
				PRODUCT_NAME = "$(TARGET_NAME)";
				SWIFT_VERSION = 3.0;
				TEST_HOST = "$(BUILT_PRODUCTS_DIR)/Corrected_Cargame.app/Corrected_Cargame";
			};
			name = Debug;
		};
		127A98572069607E00E45538 /* Release */ = {
			isa = XCBuildConfiguration;
			buildSettings = {
				ALWAYS_EMBED_SWIFT_STANDARD_LIBRARIES = YES;
				BUNDLE_LOADER = "$(TEST_HOST)";
				INFOPLIST_FILE = Corrected_CargameTests/Info.plist;
				LD_RUNPATH_SEARCH_PATHS = "$(inherited) @executable_path/Frameworks @loader_path/Frameworks";
				PRODUCT_BUNDLE_IDENTIFIER = "sn15abl.Corrected-CargameTests";
				PRODUCT_NAME = "$(TARGET_NAME)";
				SWIFT_VERSION = 3.0;
				TEST_HOST = "$(BUILT_PRODUCTS_DIR)/Corrected_Cargame.app/Corrected_Cargame";
			};
			name = Release;
		};
		127A98592069607E00E45538 /* Debug */ = {
			isa = XCBuildConfiguration;
			buildSettings = {
				ALWAYS_EMBED_SWIFT_STANDARD_LIBRARIES = YES;
				INFOPLIST_FILE = Corrected_CargameUITests/Info.plist;
				LD_RUNPATH_SEARCH_PATHS = "$(inherited) @executable_path/Frameworks @loader_path/Frameworks";
				PRODUCT_BUNDLE_IDENTIFIER = "sn15abl.Corrected-CargameUITests";
				PRODUCT_NAME = "$(TARGET_NAME)";
				SWIFT_VERSION = 3.0;
				TEST_TARGET_NAME = Corrected_Cargame;
			};
			name = Debug;
		};
		127A985A2069607E00E45538 /* Release */ = {
			isa = XCBuildConfiguration;
			buildSettings = {
				ALWAYS_EMBED_SWIFT_STANDARD_LIBRARIES = YES;
				INFOPLIST_FILE = Corrected_CargameUITests/Info.plist;
				LD_RUNPATH_SEARCH_PATHS = "$(inherited) @executable_path/Frameworks @loader_path/Frameworks";
				PRODUCT_BUNDLE_IDENTIFIER = "sn15abl.Corrected-CargameUITests";
				PRODUCT_NAME = "$(TARGET_NAME)";
				SWIFT_VERSION = 3.0;
				TEST_TARGET_NAME = Corrected_Cargame;
			};
			name = Release;
		};
/* End XCBuildConfiguration section */

/* Begin XCConfigurationList section */
		127A98252069607E00E45538 /* Build configuration list for PBXProject "Corrected_Cargame" */ = {
			isa = XCConfigurationList;
			buildConfigurations = (
				127A98502069607E00E45538 /* Debug */,
				127A98512069607E00E45538 /* Release */,
			);
			defaultConfigurationIsVisible = 0;
			defaultConfigurationName = Release;
		};
		127A98522069607E00E45538 /* Build configuration list for PBXNativeTarget "Corrected_Cargame" */ = {
			isa = XCConfigurationList;
			buildConfigurations = (
				127A98532069607E00E45538 /* Debug */,
				127A98542069607E00E45538 /* Release */,
			);
			defaultConfigurationIsVisible = 0;
			defaultConfigurationName = Release;
		};
		127A98552069607E00E45538 /* Build configuration list for PBXNativeTarget "Corrected_CargameTests" */ = {
			isa = XCConfigurationList;
			buildConfigurations = (
				127A98562069607E00E45538 /* Debug */,
				127A98572069607E00E45538 /* Release */,
			);
			defaultConfigurationIsVisible = 0;
			defaultConfigurationName = Release;
		};
		127A98582069607E00E45538 /* Build configuration list for PBXNativeTarget "Corrected_CargameUITests" */ = {
			isa = XCConfigurationList;
			buildConfigurations = (
				127A98592069607E00E45538 /* Debug */,
				127A985A2069607E00E45538 /* Release */,
			);
			defaultConfigurationIsVisible = 0;
			defaultConfigurationName = Release;
		};
/* End XCConfigurationList section */
	};
	rootObject = 127A98222069607E00E45538 /* Project object */;
}
